PODS:
  - UIPreviewActivityViewController (1.1.0)

DEPENDENCIES:
  - UIPreviewActivityViewController (from `../`)

EXTERNAL SOURCES:
  UIPreviewActivityViewController:
    :path: "../"

SPEC CHECKSUMS:
  UIPreviewActivityViewController: 01a7e247aa48de46f9e60246d37354b3ee785ea5

PODFILE CHECKSUM: fd61cdba0ef95839e5257046a2f42be8f67011bb

COCOAPODS: 1.5.2
